
Microsoft Visual Studio Solution File, Format Version 12.00
# Visual Studio 2013
VisualStudioVersion = 12.0.31101.0
MinimumVisualStudioVersion = 10.0.40219.1
Project("{FAE04EC0-301F-11D3-BF4B-00C04F79EFBC}") = "MvcTask", "MvcTask\MvcTask.csproj", "{734A6A32-7170-4A59-BD85-B432058AF7CC}"
EndProject
Project("{FAE04EC0-301F-11D3-BF4B-00C04F79EFBC}") = "DAO", "DAO\DAO.csproj", "{4E8C9397-0ACF-45C5-88E7-A3DBE103A69C}"
EndProject
Project("{FAE04EC0-301F-11D3-BF4B-00C04F79EFBC}") = "EntityFrameworkDAO", "EntityFrameworkDAO\EntityFrameworkDAO.csproj", "{49A2CF3E-A03E-47AA-9E01-8A5F3B35B18C}"
EndProject
Global
	GlobalSection(SolutionConfigurationPlatforms) = preSolution
		Debug|Any CPU = Debug|Any CPU
		Release|Any CPU = Release|Any CPU
	EndGlobalSection
	GlobalSection(ProjectConfigurationPlatforms) = postSolution
		{734A6A32-7170-4A59-BD85-B432058AF7CC}.Debug|Any CPU.ActiveCfg = Debug|Any CPU
		{734A6A32-7170-4A59-BD85-B432058AF7CC}.Debug|Any CPU.Build.0 = Debug|Any CPU
		{734A6A32-7170-4A59-BD85-B432058AF7CC}.Release|Any CPU.ActiveCfg = Release|Any CPU
		{734A6A32-7170-4A59-BD85-B432058AF7CC}.Release|Any CPU.Build.0 = Release|Any CPU
		{4E8C9397-0ACF-45C5-88E7-A3DBE103A69C}.Debug|Any CPU.ActiveCfg = Debug|Any CPU
		{4E8C9397-0ACF-45C5-88E7-A3DBE103A69C}.Debug|Any CPU.Build.0 = Debug|Any CPU
		{4E8C9397-0ACF-45C5-88E7-A3DBE103A69C}.Release|Any CPU.ActiveCfg = Release|Any CPU
		{4E8C9397-0ACF-45C5-88E7-A3DBE103A69C}.Release|Any CPU.Build.0 = Release|Any CPU
		{49A2CF3E-A03E-47AA-9E01-8A5F3B35B18C}.Debug|Any CPU.ActiveCfg = Debug|Any CPU
		{49A2CF3E-A03E-47AA-9E01-8A5F3B35B18C}.Debug|Any CPU.Build.0 = Debug|Any CPU
		{49A2CF3E-A03E-47AA-9E01-8A5F3B35B18C}.Release|Any CPU.ActiveCfg = Release|Any CPU
		{49A2CF3E-A03E-47AA-9E01-8A5F3B35B18C}.Release|Any CPU.Build.0 = Release|Any CPU
	EndGlobalSection
	GlobalSection(SolutionProperties) = preSolution
		HideSolutionNode = FALSE
	EndGlobalSection
EndGlobal
